
Microsoft Visual Studio Solution File, Format Version 12.00
# Visual Studio 15
VisualStudioVersion = 15.0.28307.2092
MinimumVisualStudioVersion = 10.0.40219.1
Project("{FAE04EC0-301F-11D3-BF4B-00C04F79EFBC}") = "1014 practice 5_2", "1014 practice 5_2\1014 practice 5_2.csproj", "{55509232-6C71-43C1-BC20-60A94406B235}"
EndProject
Global
	GlobalSection(SolutionConfigurationPlatforms) = preSolution
		Debug|Any CPU = Debug|Any CPU
		Release|Any CPU = Release|Any CPU
	EndGlobalSection
	GlobalSection(ProjectConfigurationPlatforms) = postSolution
		{55509232-6C71-43C1-BC20-60A94406B235}.Debug|Any CPU.ActiveCfg = Debug|Any CPU
		{55509232-6C71-43C1-BC20-60A94406B235}.Debug|Any CPU.Build.0 = Debug|Any CPU
		{55509232-6C71-43C1-BC20-60A94406B235}.Release|Any CPU.ActiveCfg = Release|Any CPU
		{55509232-6C71-43C1-BC20-60A94406B235}.Release|Any CPU.Build.0 = Release|Any CPU
	EndGlobalSection
	GlobalSection(SolutionProperties) = preSolution
		HideSolutionNode = FALSE
	EndGlobalSection
	GlobalSection(ExtensibilityGlobals) = postSolution
		SolutionGuid = {01E0EE50-F387-4D9E-9AE3-D3EF343E2B3A}
	EndGlobalSection
EndGlobal
